
Microsoft Visual Studio Solution File, Format Version 12.00
# Visual Studio Version 18
VisualStudioVersion = 18.0.11205.157
MinimumVisualStudioVersion = 10.0.40219.1
Project("{FAE04EC0-301F-11D3-BF4B-00C04F79EFBC}") = "Scrubbler.Host", "Scrubbler.Host\Scrubbler.Host.csproj", "{B5837F93-8584-44CA-AD37-610D233160AC}"
EndProject
Project("{2150E333-8FDC-42A3-9474-1A3956D46DE8}") = "Solution Items", "Solution Items", "{02EA681E-C7D8-13C7-8484-4AC65E1B71E8}"
	ProjectSection(SolutionItems) = preProject
		.gitignore = .gitignore
		Directory.Build.props = Directory.Build.props
		Directory.Build.targets = Directory.Build.targets
		Directory.Packages.props = Directory.Packages.props
		global.json = global.json
	EndProjectSection
EndProject
Project("{FAE04EC0-301F-11D3-BF4B-00C04F79EFBC}") = "Scrubbler.Abstractions", "Scrubbler.Abstractions\Scrubbler.Abstractions.csproj", "{E7FF6E56-A702-4CC6-849E-E7E417FEDC69}"
EndProject
Project("{2150E333-8FDC-42A3-9474-1A3956D46DE8}") = "Plugins", "Plugins", "{797732E8-CD3E-4EE7-9965-44D0EEDDDE0F}"
EndProject
Project("{FAE04EC0-301F-11D3-BF4B-00C04F79EFBC}") = "Scrubbler.Plugin.Scrobblers.ManualScrobbler", "Plugins\Scrobblers\Scrubbler.Plugin.Scrobblers.ManualScrobbler\Scrubbler.Plugin.Scrobblers.ManualScrobbler.csproj", "{A3788BD6-1E0E-4DFC-B14E-40AB06C467A1}"
EndProject
Project("{2150E333-8FDC-42A3-9474-1A3956D46DE8}") = "Accounts", "Accounts", "{FD46BF08-594F-4224-BD15-2DB872961D54}"
EndProject
Project("{FAE04EC0-301F-11D3-BF4B-00C04F79EFBC}") = "Scrubbler.Plugin.Accounts.LastFm", "Plugins\Accounts\Scrubbler.Plugin.Accounts.LastFm\Scrubbler.Plugin.Accounts.LastFm.csproj", "{C4B8A7B8-FD80-4664-AAB7-0667CD5E8D57}"
EndProject
Project("{FAE04EC0-301F-11D3-BF4B-00C04F79EFBC}") = "PluginMetadataGenerator", "PluginMetadataGenerator\PluginMetadataGenerator.csproj", "{0ACF0970-1AC0-4263-A6DD-E6947A84AF16}"
EndProject
Project("{2150E333-8FDC-42A3-9474-1A3956D46DE8}") = "Scrobblers", "Scrobblers", "{4536D109-4649-4376-B775-F791CE753B4A}"
EndProject
Project("{FAE04EC0-301F-11D3-BF4B-00C04F79EFBC}") = "Scrubbler.Plugin.Scrobblers.FriendScrobbler", "Plugins\Scrobblers\Scrubbler.Plugin.Scrobblers.FriendScrobbler\Scrubbler.Plugin.Scrobblers.FriendScrobbler.csproj", "{90433E59-7004-4F98-9E05-BCB43F15DBF4}"
EndProject
Project("{FAE04EC0-301F-11D3-BF4B-00C04F79EFBC}") = "Scrubbler.Plugin.Scrobbler.AppleMusicScrobbler", "Plugins\Scrobblers\Scrubbler.Plugin.Scrobbler.AppleMusicScrobbler\Scrubbler.Plugin.Scrobbler.AppleMusicScrobbler.csproj", "{55A31E75-80DC-4F90-B79A-9CDB6840133D}"
EndProject
Project("{FAE04EC0-301F-11D3-BF4B-00C04F79EFBC}") = "MediaPlayerScrobblerBase", "Plugins\Scrobblers\MediaPlayerScrobblerBase\MediaPlayerScrobblerBase.csproj", "{EA2B92EC-57A1-44EF-98C2-3AA028F92FC3}"
EndProject
Project("{FAE04EC0-301F-11D3-BF4B-00C04F79EFBC}") = "Scrubbler.Plugin.Accounts.Mock", "Plugins\Accounts\Scrubbler.Plugin.Accounts.Mock\Scrubbler.Plugin.Accounts.Mock.csproj", "{41889419-4A78-467F-A0C1-2BA6B78F72C5}"
EndProject
Project("{2150E333-8FDC-42A3-9474-1A3956D46DE8}") = "Tests", "Tests", "{F0A72B37-6A77-4762-B7DF-44AD8478FA70}"
EndProject
Project("{FAE04EC0-301F-11D3-BF4B-00C04F79EFBC}") = "Scrubbler.Test.ManualScrobblerTest", "Plugins\Scrobblers\Tests\Scrubbler.Test.ManualScrobblerTest\Scrubbler.Test.ManualScrobblerTest.csproj", "{5BBFE50D-0FC3-4318-961D-1FFD9C6405E4}"
EndProject
Project("{FAE04EC0-301F-11D3-BF4B-00C04F79EFBC}") = "Scrubbler.Plugin.Scrobblers.DatabaseScrobbler", "Plugins\Scrobblers\Scrubbler.Plugin.Scrobblers.DatabaseScrobbler\Scrubbler.Plugin.Scrobblers.DatabaseScrobbler.csproj", "{B6AAEFFB-6BEA-426B-A14B-D4E9390A271B}"
EndProject
Global
	GlobalSection(SolutionConfigurationPlatforms) = preSolution
		Debug|Any CPU = Debug|Any CPU
		Release|Any CPU = Release|Any CPU
	EndGlobalSection
	GlobalSection(ProjectConfigurationPlatforms) = postSolution
		{B5837F93-8584-44CA-AD37-610D233160AC}.Debug|Any CPU.ActiveCfg = Debug|Any CPU
		{B5837F93-8584-44CA-AD37-610D233160AC}.Debug|Any CPU.Build.0 = Debug|Any CPU
		{B5837F93-8584-44CA-AD37-610D233160AC}.Debug|Any CPU.Deploy.0 = Debug|Any CPU
		{B5837F93-8584-44CA-AD37-610D233160AC}.Release|Any CPU.ActiveCfg = Release|Any CPU
		{B5837F93-8584-44CA-AD37-610D233160AC}.Release|Any CPU.Build.0 = Release|Any CPU
		{B5837F93-8584-44CA-AD37-610D233160AC}.Release|Any CPU.Deploy.0 = Release|Any CPU
		{E7FF6E56-A702-4CC6-849E-E7E417FEDC69}.Debug|Any CPU.ActiveCfg = Debug|Any CPU
		{E7FF6E56-A702-4CC6-849E-E7E417FEDC69}.Debug|Any CPU.Build.0 = Debug|Any CPU
		{E7FF6E56-A702-4CC6-849E-E7E417FEDC69}.Release|Any CPU.ActiveCfg = Release|Any CPU
		{E7FF6E56-A702-4CC6-849E-E7E417FEDC69}.Release|Any CPU.Build.0 = Release|Any CPU
		{A3788BD6-1E0E-4DFC-B14E-40AB06C467A1}.Debug|Any CPU.ActiveCfg = Debug|Any CPU
		{A3788BD6-1E0E-4DFC-B14E-40AB06C467A1}.Debug|Any CPU.Build.0 = Debug|Any CPU
		{A3788BD6-1E0E-4DFC-B14E-40AB06C467A1}.Release|Any CPU.ActiveCfg = Release|Any CPU
		{A3788BD6-1E0E-4DFC-B14E-40AB06C467A1}.Release|Any CPU.Build.0 = Release|Any CPU
		{C4B8A7B8-FD80-4664-AAB7-0667CD5E8D57}.Debug|Any CPU.ActiveCfg = Debug|Any CPU
		{C4B8A7B8-FD80-4664-AAB7-0667CD5E8D57}.Debug|Any CPU.Build.0 = Debug|Any CPU
		{C4B8A7B8-FD80-4664-AAB7-0667CD5E8D57}.Release|Any CPU.ActiveCfg = Release|Any CPU
		{C4B8A7B8-FD80-4664-AAB7-0667CD5E8D57}.Release|Any CPU.Build.0 = Release|Any CPU
		{0ACF0970-1AC0-4263-A6DD-E6947A84AF16}.Debug|Any CPU.ActiveCfg = Debug|Any CPU
		{0ACF0970-1AC0-4263-A6DD-E6947A84AF16}.Debug|Any CPU.Build.0 = Debug|Any CPU
		{0ACF0970-1AC0-4263-A6DD-E6947A84AF16}.Release|Any CPU.ActiveCfg = Release|Any CPU
		{0ACF0970-1AC0-4263-A6DD-E6947A84AF16}.Release|Any CPU.Build.0 = Release|Any CPU
		{90433E59-7004-4F98-9E05-BCB43F15DBF4}.Debug|Any CPU.ActiveCfg = Debug|Any CPU
		{90433E59-7004-4F98-9E05-BCB43F15DBF4}.Debug|Any CPU.Build.0 = Debug|Any CPU
		{90433E59-7004-4F98-9E05-BCB43F15DBF4}.Release|Any CPU.ActiveCfg = Release|Any CPU
		{90433E59-7004-4F98-9E05-BCB43F15DBF4}.Release|Any CPU.Build.0 = Release|Any CPU
		{55A31E75-80DC-4F90-B79A-9CDB6840133D}.Debug|Any CPU.ActiveCfg = Debug|Any CPU
		{55A31E75-80DC-4F90-B79A-9CDB6840133D}.Debug|Any CPU.Build.0 = Debug|Any CPU
		{55A31E75-80DC-4F90-B79A-9CDB6840133D}.Release|Any CPU.ActiveCfg = Release|Any CPU
		{55A31E75-80DC-4F90-B79A-9CDB6840133D}.Release|Any CPU.Build.0 = Release|Any CPU
		{EA2B92EC-57A1-44EF-98C2-3AA028F92FC3}.Debug|Any CPU.ActiveCfg = Debug|Any CPU
		{EA2B92EC-57A1-44EF-98C2-3AA028F92FC3}.Debug|Any CPU.Build.0 = Debug|Any CPU
		{EA2B92EC-57A1-44EF-98C2-3AA028F92FC3}.Release|Any CPU.ActiveCfg = Release|Any CPU
		{EA2B92EC-57A1-44EF-98C2-3AA028F92FC3}.Release|Any CPU.Build.0 = Release|Any CPU
		{41889419-4A78-467F-A0C1-2BA6B78F72C5}.Debug|Any CPU.ActiveCfg = Debug|Any CPU
		{41889419-4A78-467F-A0C1-2BA6B78F72C5}.Debug|Any CPU.Build.0 = Debug|Any CPU
		{41889419-4A78-467F-A0C1-2BA6B78F72C5}.Release|Any CPU.ActiveCfg = Release|Any CPU
		{41889419-4A78-467F-A0C1-2BA6B78F72C5}.Release|Any CPU.Build.0 = Release|Any CPU
		{5BBFE50D-0FC3-4318-961D-1FFD9C6405E4}.Debug|Any CPU.ActiveCfg = Debug|Any CPU
		{5BBFE50D-0FC3-4318-961D-1FFD9C6405E4}.Debug|Any CPU.Build.0 = Debug|Any CPU
		{5BBFE50D-0FC3-4318-961D-1FFD9C6405E4}.Release|Any CPU.ActiveCfg = Release|Any CPU
		{5BBFE50D-0FC3-4318-961D-1FFD9C6405E4}.Release|Any CPU.Build.0 = Release|Any CPU
		{B6AAEFFB-6BEA-426B-A14B-D4E9390A271B}.Debug|Any CPU.ActiveCfg = Debug|Any CPU
		{B6AAEFFB-6BEA-426B-A14B-D4E9390A271B}.Debug|Any CPU.Build.0 = Debug|Any CPU
		{B6AAEFFB-6BEA-426B-A14B-D4E9390A271B}.Release|Any CPU.ActiveCfg = Release|Any CPU
		{B6AAEFFB-6BEA-426B-A14B-D4E9390A271B}.Release|Any CPU.Build.0 = Release|Any CPU
	EndGlobalSection
	GlobalSection(SolutionProperties) = preSolution
		HideSolutionNode = FALSE
	EndGlobalSection
	GlobalSection(NestedProjects) = preSolution
		{A3788BD6-1E0E-4DFC-B14E-40AB06C467A1} = {4536D109-4649-4376-B775-F791CE753B4A}
		{FD46BF08-594F-4224-BD15-2DB872961D54} = {797732E8-CD3E-4EE7-9965-44D0EEDDDE0F}
		{C4B8A7B8-FD80-4664-AAB7-0667CD5E8D57} = {FD46BF08-594F-4224-BD15-2DB872961D54}
		{4536D109-4649-4376-B775-F791CE753B4A} = {797732E8-CD3E-4EE7-9965-44D0EEDDDE0F}
		{90433E59-7004-4F98-9E05-BCB43F15DBF4} = {4536D109-4649-4376-B775-F791CE753B4A}
		{55A31E75-80DC-4F90-B79A-9CDB6840133D} = {4536D109-4649-4376-B775-F791CE753B4A}
		{EA2B92EC-57A1-44EF-98C2-3AA028F92FC3} = {4536D109-4649-4376-B775-F791CE753B4A}
		{41889419-4A78-467F-A0C1-2BA6B78F72C5} = {FD46BF08-594F-4224-BD15-2DB872961D54}
		{F0A72B37-6A77-4762-B7DF-44AD8478FA70} = {4536D109-4649-4376-B775-F791CE753B4A}
		{5BBFE50D-0FC3-4318-961D-1FFD9C6405E4} = {F0A72B37-6A77-4762-B7DF-44AD8478FA70}
		{B6AAEFFB-6BEA-426B-A14B-D4E9390A271B} = {4536D109-4649-4376-B775-F791CE753B4A}
	EndGlobalSection
	GlobalSection(ExtensibilityGlobals) = postSolution
		SolutionGuid = {CB28EE7E-5D57-4092-8B8A-1EE7C97A6790}
	EndGlobalSection
EndGlobal
