
Microsoft Visual Studio Solution File, Format Version 12.00
# Visual Studio Version 17
VisualStudioVersion = 17.14.36414.22
MinimumVisualStudioVersion = 10.0.40219.1
Project("{FAE04EC0-301F-11D3-BF4B-00C04F79EFBC}") = "Scrubbler.Host", "Scrubbler.Host\Scrubbler.Host.csproj", "{B5837F93-8584-44CA-AD37-610D233160AC}"
EndProject
Project("{2150E333-8FDC-42A3-9474-1A3956D46DE8}") = "Solution Items", "Solution Items", "{02EA681E-C7D8-13C7-8484-4AC65E1B71E8}"
	ProjectSection(SolutionItems) = preProject
		.gitignore = .gitignore
		Directory.Build.props = Directory.Build.props
		Directory.Build.targets = Directory.Build.targets
		Directory.Packages.props = Directory.Packages.props
		global.json = global.json
	EndProjectSection
EndProject
Project("{FAE04EC0-301F-11D3-BF4B-00C04F79EFBC}") = "Scrubbler.Abstractions", "Scrubbler.Abstractions\Scrubbler.Abstractions.csproj", "{E7FF6E56-A702-4CC6-849E-E7E417FEDC69}"
EndProject
Project("{2150E333-8FDC-42A3-9474-1A3956D46DE8}") = "Plugins", "Plugins", "{797732E8-CD3E-4EE7-9965-44D0EEDDDE0F}"
EndProject
Project("{FAE04EC0-301F-11D3-BF4B-00C04F79EFBC}") = "Scrubbler.Plugin.ManualScrobbler", "Plugins\Scrubbler.Plugin.ManualScrobbler\Scrubbler.Plugin.ManualScrobbler.csproj", "{A3788BD6-1E0E-4DFC-B14E-40AB06C467A1}"
EndProject
Project("{2150E333-8FDC-42A3-9474-1A3956D46DE8}") = "Accounts", "Accounts", "{FD46BF08-594F-4224-BD15-2DB872961D54}"
EndProject
Project("{FAE04EC0-301F-11D3-BF4B-00C04F79EFBC}") = "Scrubbler.Plugin.Accounts.LastFm", "Plugins\Accounts\Scrubbler.Plugin.Accounts.LastFm\Scrubbler.Plugin.Accounts.LastFm.csproj", "{C4B8A7B8-FD80-4664-AAB7-0667CD5E8D57}"
EndProject
Global
	GlobalSection(SolutionConfigurationPlatforms) = preSolution
		Debug|Any CPU = Debug|Any CPU
		Release|Any CPU = Release|Any CPU
	EndGlobalSection
	GlobalSection(ProjectConfigurationPlatforms) = postSolution
		{B5837F93-8584-44CA-AD37-610D233160AC}.Debug|Any CPU.ActiveCfg = Debug|Any CPU
		{B5837F93-8584-44CA-AD37-610D233160AC}.Debug|Any CPU.Build.0 = Debug|Any CPU
		{B5837F93-8584-44CA-AD37-610D233160AC}.Debug|Any CPU.Deploy.0 = Debug|Any CPU
		{B5837F93-8584-44CA-AD37-610D233160AC}.Release|Any CPU.ActiveCfg = Release|Any CPU
		{B5837F93-8584-44CA-AD37-610D233160AC}.Release|Any CPU.Build.0 = Release|Any CPU
		{B5837F93-8584-44CA-AD37-610D233160AC}.Release|Any CPU.Deploy.0 = Release|Any CPU
		{E7FF6E56-A702-4CC6-849E-E7E417FEDC69}.Debug|Any CPU.ActiveCfg = Debug|Any CPU
		{E7FF6E56-A702-4CC6-849E-E7E417FEDC69}.Debug|Any CPU.Build.0 = Debug|Any CPU
		{E7FF6E56-A702-4CC6-849E-E7E417FEDC69}.Release|Any CPU.ActiveCfg = Release|Any CPU
		{E7FF6E56-A702-4CC6-849E-E7E417FEDC69}.Release|Any CPU.Build.0 = Release|Any CPU
		{A3788BD6-1E0E-4DFC-B14E-40AB06C467A1}.Debug|Any CPU.ActiveCfg = Debug|Any CPU
		{A3788BD6-1E0E-4DFC-B14E-40AB06C467A1}.Debug|Any CPU.Build.0 = Debug|Any CPU
		{A3788BD6-1E0E-4DFC-B14E-40AB06C467A1}.Release|Any CPU.ActiveCfg = Release|Any CPU
		{A3788BD6-1E0E-4DFC-B14E-40AB06C467A1}.Release|Any CPU.Build.0 = Release|Any CPU
		{C4B8A7B8-FD80-4664-AAB7-0667CD5E8D57}.Debug|Any CPU.ActiveCfg = Debug|Any CPU
		{C4B8A7B8-FD80-4664-AAB7-0667CD5E8D57}.Debug|Any CPU.Build.0 = Debug|Any CPU
		{C4B8A7B8-FD80-4664-AAB7-0667CD5E8D57}.Release|Any CPU.ActiveCfg = Release|Any CPU
		{C4B8A7B8-FD80-4664-AAB7-0667CD5E8D57}.Release|Any CPU.Build.0 = Release|Any CPU
	EndGlobalSection
	GlobalSection(SolutionProperties) = preSolution
		HideSolutionNode = FALSE
	EndGlobalSection
	GlobalSection(NestedProjects) = preSolution
		{A3788BD6-1E0E-4DFC-B14E-40AB06C467A1} = {797732E8-CD3E-4EE7-9965-44D0EEDDDE0F}
		{FD46BF08-594F-4224-BD15-2DB872961D54} = {797732E8-CD3E-4EE7-9965-44D0EEDDDE0F}
		{C4B8A7B8-FD80-4664-AAB7-0667CD5E8D57} = {FD46BF08-594F-4224-BD15-2DB872961D54}
	EndGlobalSection
	GlobalSection(ExtensibilityGlobals) = postSolution
		SolutionGuid = {CB28EE7E-5D57-4092-8B8A-1EE7C97A6790}
	EndGlobalSection
EndGlobal
